
Microsoft Visual Studio Solution File, Format Version 12.00
# Visual Studio Version 17
VisualStudioVersion = 17.13.35931.197 d17.13
MinimumVisualStudioVersion = 10.0.40219.1
Project("{FAE04EC0-301F-11D3-BF4B-00C04F79EFBC}") = "SpaceCleaning", "SpaceCleaning\SpaceCleaning.csproj", "{CF5680CC-5BE4-42E2-841D-38EE67AE5171}"
EndProject
Global
	GlobalSection(SolutionConfigurationPlatforms) = preSolution
		Debug|Any CPU = Debug|Any CPU
		Release|Any CPU = Release|Any CPU
	EndGlobalSection
	GlobalSection(ProjectConfigurationPlatforms) = postSolution
		{CF5680CC-5BE4-42E2-841D-38EE67AE5171}.Debug|Any CPU.ActiveCfg = Debug|Any CPU
		{CF5680CC-5BE4-42E2-841D-38EE67AE5171}.Debug|Any CPU.Build.0 = Debug|Any CPU
		{CF5680CC-5BE4-42E2-841D-38EE67AE5171}.Release|Any CPU.ActiveCfg = Release|Any CPU
		{CF5680CC-5BE4-42E2-841D-38EE67AE5171}.Release|Any CPU.Build.0 = Release|Any CPU
	EndGlobalSection
	GlobalSection(SolutionProperties) = preSolution
		HideSolutionNode = FALSE
	EndGlobalSection
	GlobalSection(ExtensibilityGlobals) = postSolution
		SolutionGuid = {915D388C-CC88-476C-ADF9-45F204DD84EB}
	EndGlobalSection
EndGlobal
